
Microsoft Visual Studio Solution File, Format Version 12.00
# Visual Studio Version 17
VisualStudioVersion = 17.13.35919.96 d17.13
MinimumVisualStudioVersion = 10.0.40219.1
Project("{FAE04EC0-301F-11D3-BF4B-00C04F79EFBC}") = "AplicacionTareas", "AplicacionTareas\AplicacionTareas.csproj", "{5277F3D2-6AAF-4DC8-B77C-82D7973684C4}"
EndProject
Global
	GlobalSection(SolutionConfigurationPlatforms) = preSolution
		Debug|Any CPU = Debug|Any CPU
		Release|Any CPU = Release|Any CPU
	EndGlobalSection
	GlobalSection(ProjectConfigurationPlatforms) = postSolution
		{5277F3D2-6AAF-4DC8-B77C-82D7973684C4}.Debug|Any CPU.ActiveCfg = Debug|Any CPU
		{5277F3D2-6AAF-4DC8-B77C-82D7973684C4}.Debug|Any CPU.Build.0 = Debug|Any CPU
		{5277F3D2-6AAF-4DC8-B77C-82D7973684C4}.Release|Any CPU.ActiveCfg = Release|Any CPU
		{5277F3D2-6AAF-4DC8-B77C-82D7973684C4}.Release|Any CPU.Build.0 = Release|Any CPU
	EndGlobalSection
	GlobalSection(SolutionProperties) = preSolution
		HideSolutionNode = FALSE
	EndGlobalSection
	GlobalSection(ExtensibilityGlobals) = postSolution
		SolutionGuid = {A6623798-EA02-4A76-A472-BA269E53B896}
	EndGlobalSection
EndGlobal
